{
  "name": "web_learn",
  "lockfileVersion": 2,
  "requires": true,
  "packages": {
    "": {
      "dependencies": {
        "@tiptap/core": "^2.3.0",
        "@tiptap/pm": "^2.3.0",
        "@tiptap/starter-kit": "^2.3.0"
      }
    },
    "node_modules/@remirror/core-constants": {
      "version": "2.0.2",
      "resolved": "https://registry.npmmirror.com/@remirror/core-constants/-/core-constants-2.0.2.tgz",
      "integrity": "sha512-dyHY+sMF0ihPus3O27ODd4+agdHMEmuRdyiZJ2CCWjPV5UFmn17ZbElvk6WOGVE4rdCJKZQCrPV2BcikOMLUGQ=="
    },
    "node_modules/@tiptap/core": {
      "version": "2.3.0",
      "resolved": "https://registry.npmmirror.com/@tiptap/core/-/core-2.3.0.tgz",
      "integrity": "sha512-Gk2JN3i5CMkYGmsbyFI7cBUftWa+F7QYmeCLTWfbuy+hCM2OBsnYVKxhggFPGXRL5KLBEgBWeCeWMHfIw3B2MA==",
      "peerDependencies": {
        "@tiptap/pm": "^2.0.0"
      }
    },
    "node_modules/@tiptap/extension-blockquote": {
      "version": "2.3.0",
      "resolved": "https://registry.npmmirror.com/@tiptap/extension-blockquote/-/extension-blockquote-2.3.0.tgz",
      "integrity": "sha512-Cztt77t7f+f0fuPy+FWUL8rKTIpcdsVT0z0zYQFFafvGaom0ZALQSOdTR/q+Kle9I4DaCMO3/Q0mwax/D4k4+A==",
      "peerDependencies": {
        "@tiptap/core": "^2.0.0"
      }
    },
    "node_modules/@tiptap/extension-bold": {
      "version": "2.3.0",
      "resolved": "https://registry.npmmirror.com/@tiptap/extension-bold/-/extension-bold-2.3.0.tgz",
      "integrity": "sha512-SzkbJibHXFNU7TRaAebTtwbXUEhGZ8+MhlBn12aQ4QhdjNtFpQwKXQPyYeDyZGcyiOFgtFTb+WIfCGm8ZX0Fpw==",
      "peerDependencies": {
        "@tiptap/core": "^2.0.0"
      }
    },
    "node_modules/@tiptap/extension-bullet-list": {
      "version": "2.3.0",
      "resolved": "https://registry.npmmirror.com/@tiptap/extension-bullet-list/-/extension-bullet-list-2.3.0.tgz",
      "integrity": "sha512-4nU4vJ5FjRDLqHm085vYAkuo68UK84Wl6CDSjm7sPVcu0FvQX02Okqt65azoSYQeS1SSSd5qq9YZuGWcYdp4Cw==",
      "peerDependencies": {
        "@tiptap/core": "^2.0.0"
      }
    },
    "node_modules/@tiptap/extension-code": {
      "version": "2.3.0",
      "resolved": "https://registry.npmmirror.com/@tiptap/extension-code/-/extension-code-2.3.0.tgz",
      "integrity": "sha512-O2FZmosiIRoVbW82fZy8xW4h4gb2xAzxWzHEcsHPlwCbE3vYvcBMmbkQ5p+33eRtuRQInzl3Q/cwupv9ctIepQ==",
      "peerDependencies": {
        "@tiptap/core": "^2.0.0"
      }
    },
    "node_modules/@tiptap/extension-code-block": {
      "version": "2.3.0",
      "resolved": "https://registry.npmmirror.com/@tiptap/extension-code-block/-/extension-code-block-2.3.0.tgz",
      "integrity": "sha512-+Ne6PRBwQt70Pp8aW2PewaEy4bHrNYn4N+y8MObsFtqLutXBz4nXnsXWiNYFQZwzlUY+CHG4XS73mx8oMOFfDw==",
      "peerDependencies": {
        "@tiptap/core": "^2.0.0",
        "@tiptap/pm": "^2.0.0"
      }
    },
    "node_modules/@tiptap/extension-document": {
      "version": "2.3.0",
      "resolved": "https://registry.npmmirror.com/@tiptap/extension-document/-/extension-document-2.3.0.tgz",
      "integrity": "sha512-WC55SMrtlsNOnHXpzbXDzJOp7eKmZV0rXooKmvCDqoiLO/DKpyQXyF+0UHfcRPmUAi2GWFPaer7+p1H9xzcjXg==",
      "peerDependencies": {
        "@tiptap/core": "^2.0.0"
      }
    },
    "node_modules/@tiptap/extension-dropcursor": {
      "version": "2.3.0",
      "resolved": "https://registry.npmmirror.com/@tiptap/extension-dropcursor/-/extension-dropcursor-2.3.0.tgz",
      "integrity": "sha512-WWxxGQPWdbzxyYP6jtBYSq4wMRhINhI0wBC8pgkxTVwCIWftMuYj++FP4LLIpuWgj78PWApuoM0QQxk4Lj7FOw==",
      "peerDependencies": {
        "@tiptap/core": "^2.0.0",
        "@tiptap/pm": "^2.0.0"
      }
    },
    "node_modules/@tiptap/extension-gapcursor": {
      "version": "2.3.0",
      "resolved": "https://registry.npmmirror.com/@tiptap/extension-gapcursor/-/extension-gapcursor-2.3.0.tgz",
      "integrity": "sha512-OxcXcfD0uzNcXdXu2ZpXFAtXIsgK2MBHvFUs0t0gxtcL/t43pTOQBLy+29Ei30BxpwLghtX8jQ6IDzMiybq/sA==",
      "peerDependencies": {
        "@tiptap/core": "^2.0.0",
        "@tiptap/pm": "^2.0.0"
      }
    },
    "node_modules/@tiptap/extension-hard-break": {
      "version": "2.3.0",
      "resolved": "https://registry.npmmirror.com/@tiptap/extension-hard-break/-/extension-hard-break-2.3.0.tgz",
      "integrity": "sha512-9pXi69SzLabbjY5KZ54UKzu7HAHTla9aYZKH56VatOAiJOPKJppFbU2/NfJwGzDrEtfOiDqr3dYbUDF3RuCFoQ==",
      "peerDependencies": {
        "@tiptap/core": "^2.0.0"
      }
    },
    "node_modules/@tiptap/extension-heading": {
      "version": "2.3.0",
      "resolved": "https://registry.npmmirror.com/@tiptap/extension-heading/-/extension-heading-2.3.0.tgz",
      "integrity": "sha512-YcZoUYfqb0nohoPgem4f8mjn5OqDomFrbJiC9VRHUOCIuEu+aJEYwp8mmdkLnS3f+LRCZ6G76cJJ50lkzSAZRw==",
      "peerDependencies": {
        "@tiptap/core": "^2.0.0"
      }
    },
    "node_modules/@tiptap/extension-history": {
      "version": "2.3.0",
      "resolved": "https://registry.npmmirror.com/@tiptap/extension-history/-/extension-history-2.3.0.tgz",
      "integrity": "sha512-EF5Oq9fe/VBzU1Lsow2ubOlx1e1r4OQT1WUPGsRnL7pr94GH1Skpk7/hs9COJ9K6kP3Ebt42XjP0JEQodR58YA==",
      "peerDependencies": {
        "@tiptap/core": "^2.0.0",
        "@tiptap/pm": "^2.0.0"
      }
    },
    "node_modules/@tiptap/extension-horizontal-rule": {
      "version": "2.3.0",
      "resolved": "https://registry.npmmirror.com/@tiptap/extension-horizontal-rule/-/extension-horizontal-rule-2.3.0.tgz",
      "integrity": "sha512-4DB8GU3uuDzzyqUmONIb3CHXcQ6Nuy4mHHkFSmUyEjg1i5eMQU5H7S6mNvZbltcJB2ImgCSwSMlj1kVN3MLIPg==",
      "peerDependencies": {
        "@tiptap/core": "^2.0.0",
        "@tiptap/pm": "^2.0.0"
      }
    },
    "node_modules/@tiptap/extension-italic": {
      "version": "2.3.0",
      "resolved": "https://registry.npmmirror.com/@tiptap/extension-italic/-/extension-italic-2.3.0.tgz",
      "integrity": "sha512-jdFjLjdt5JtPlGMpoS6TEq5rznjbAYVlPwcw5VkYENVIYIGIR1ylIw2JwK1nUEsQ+OgYwVxHLejcUXWG1dCi2g==",
      "peerDependencies": {
        "@tiptap/core": "^2.0.0"
      }
    },
    "node_modules/@tiptap/extension-list-item": {
      "version": "2.3.0",
      "resolved": "https://registry.npmmirror.com/@tiptap/extension-list-item/-/extension-list-item-2.3.0.tgz",
      "integrity": "sha512-mHU+IuRa56OT6YCtxf5Z7OSUrbWdKhGCEX7RTrteDVs5oMB6W3oF9j88M5qQmZ1WDcxvQhAOoXctnMt6eX9zcA==",
      "peerDependencies": {
        "@tiptap/core": "^2.0.0"
      }
    },
    "node_modules/@tiptap/extension-ordered-list": {
      "version": "2.3.0",
      "resolved": "https://registry.npmmirror.com/@tiptap/extension-ordered-list/-/extension-ordered-list-2.3.0.tgz",
      "integrity": "sha512-gkf0tltXjlUj0cqyfDV2r7xy9YPKtcVSWwlCPun6OOi0KzKFiAMqQpA9hy2W6gJ+KCp8+KNRMClZOfH4TnnBfg==",
      "peerDependencies": {
        "@tiptap/core": "^2.0.0"
      }
    },
    "node_modules/@tiptap/extension-paragraph": {
      "version": "2.3.0",
      "resolved": "https://registry.npmmirror.com/@tiptap/extension-paragraph/-/extension-paragraph-2.3.0.tgz",
      "integrity": "sha512-peCpA7DFqkd0cHb+cHv4YHNoMsXG8tKFNJlCHpLmsZWl2hWmpKgKmUrXAUfzjcFSvkZxn0xYc5oWbqUgg+2LzA==",
      "peerDependencies": {
        "@tiptap/core": "^2.0.0"
      }
    },
    "node_modules/@tiptap/extension-strike": {
      "version": "2.3.0",
      "resolved": "https://registry.npmmirror.com/@tiptap/extension-strike/-/extension-strike-2.3.0.tgz",
      "integrity": "sha512-gOW4ALeH8gkJiUGGXVy/AOd5lAPTX0bzoOW1+sCLcTA7t8dluBW7M2ngNYxTEtlKqyv7aLfrgsYSiqucmmfSLw==",
      "peerDependencies": {
        "@tiptap/core": "^2.0.0"
      }
    },
    "node_modules/@tiptap/extension-text": {
      "version": "2.3.0",
      "resolved": "https://registry.npmmirror.com/@tiptap/extension-text/-/extension-text-2.3.0.tgz",
      "integrity": "sha512-zkudl0TyKRy/8vHtyo5dMzjBRD0HEUnsS8YOsjR4xwQq5EYUXleRgM1s6lb6Yms2sLUAZRWdDddoQ686iq4zQg==",
      "peerDependencies": {
        "@tiptap/core": "^2.0.0"
      }
    },
    "node_modules/@tiptap/pm": {
      "version": "2.3.0",
      "resolved": "https://registry.npmmirror.com/@tiptap/pm/-/pm-2.3.0.tgz",
      "integrity": "sha512-4WYqShZBwDyReKvapC0nmeYdOtZbZ31y4MjolpKQaSD4I7kg/oZspC+byUGdvIRsNpRN7i2X0IyvdISKk8gw5Q==",
      "dependencies": {
        "prosemirror-changeset": "^2.2.1",
        "prosemirror-collab": "^1.3.1",
        "prosemirror-commands": "^1.5.2",
        "prosemirror-dropcursor": "^1.8.1",
        "prosemirror-gapcursor": "^1.3.2",
        "prosemirror-history": "^1.3.2",
        "prosemirror-inputrules": "^1.3.0",
        "prosemirror-keymap": "^1.2.2",
        "prosemirror-markdown": "^1.12.0",
        "prosemirror-menu": "^1.2.4",
        "prosemirror-model": "^1.19.4",
        "prosemirror-schema-basic": "^1.2.2",
        "prosemirror-schema-list": "^1.3.0",
        "prosemirror-state": "^1.4.3",
        "prosemirror-tables": "^1.3.5",
        "prosemirror-trailing-node": "^2.0.7",
        "prosemirror-transform": "^1.8.0",
        "prosemirror-view": "^1.32.7"
      }
    },
    "node_modules/@tiptap/starter-kit": {
      "version": "2.3.0",
      "resolved": "https://registry.npmmirror.com/@tiptap/starter-kit/-/starter-kit-2.3.0.tgz",
      "integrity": "sha512-TjvCd/hzEnuEYOdr5uQqcfHOMuj7JRoZBPdheupwl3SbuYiCxtcqYyAE5qoGXWwuVe9xVGerOLVPkDUgmyrH6A==",
      "dependencies": {
        "@tiptap/core": "^2.3.0",
        "@tiptap/extension-blockquote": "^2.3.0",
        "@tiptap/extension-bold": "^2.3.0",
        "@tiptap/extension-bullet-list": "^2.3.0",
        "@tiptap/extension-code": "^2.3.0",
        "@tiptap/extension-code-block": "^2.3.0",
        "@tiptap/extension-document": "^2.3.0",
        "@tiptap/extension-dropcursor": "^2.3.0",
        "@tiptap/extension-gapcursor": "^2.3.0",
        "@tiptap/extension-hard-break": "^2.3.0",
        "@tiptap/extension-heading": "^2.3.0",
        "@tiptap/extension-history": "^2.3.0",
        "@tiptap/extension-horizontal-rule": "^2.3.0",
        "@tiptap/extension-italic": "^2.3.0",
        "@tiptap/extension-list-item": "^2.3.0",
        "@tiptap/extension-ordered-list": "^2.3.0",
        "@tiptap/extension-paragraph": "^2.3.0",
        "@tiptap/extension-strike": "^2.3.0",
        "@tiptap/extension-text": "^2.3.0"
      }
    },
    "node_modules/argparse": {
      "version": "2.0.1",
      "resolved": "https://registry.npmmirror.com/argparse/-/argparse-2.0.1.tgz",
      "integrity": "sha512-8+9WqebbFzpX9OR+Wa6O29asIogeRMzcGtAINdpMHHyAg10f05aSFVBbcEqGf/PXw1EjAZ+q2/bEBg3DvurK3Q=="
    },
    "node_modules/crelt": {
      "version": "1.0.6",
      "resolved": "https://registry.npmmirror.com/crelt/-/crelt-1.0.6.tgz",
      "integrity": "sha512-VQ2MBenTq1fWZUH9DJNGti7kKv6EeAuYr3cLwxUWhIu1baTaXh4Ib5W2CqHVqib4/MqbYGJqiL3Zb8GJZr3l4g=="
    },
    "node_modules/entities": {
      "version": "4.5.0",
      "resolved": "https://registry.npmmirror.com/entities/-/entities-4.5.0.tgz",
      "integrity": "sha512-V0hjH4dGPh9Ao5p0MoRY6BVqtwCjhz6vI5LT8AJ55H+4g9/4vbHx1I54fS0XuclLhDHArPQCiMjDxjaL8fPxhw==",
      "engines": {
        "node": ">=0.12"
      }
    },
    "node_modules/escape-string-regexp": {
      "version": "4.0.0",
      "resolved": "https://registry.npmmirror.com/escape-string-regexp/-/escape-string-regexp-4.0.0.tgz",
      "integrity": "sha512-TtpcNJ3XAzx3Gq8sWRzJaVajRs0uVxA2YAkdb1jm2YkPz4G6egUFAyA3n5vtEIZefPk5Wa4UXbKuS5fKkJWdgA==",
      "engines": {
        "node": ">=10"
      }
    },
    "node_modules/linkify-it": {
      "version": "5.0.0",
      "resolved": "https://registry.npmmirror.com/linkify-it/-/linkify-it-5.0.0.tgz",
      "integrity": "sha512-5aHCbzQRADcdP+ATqnDuhhJ/MRIqDkZX5pyjFHRRysS8vZ5AbqGEoFIb6pYHPZ+L/OC2Lc+xT8uHVVR5CAK/wQ==",
      "dependencies": {
        "uc.micro": "^2.0.0"
      }
    },
    "node_modules/markdown-it": {
      "version": "14.1.0",
      "resolved": "https://registry.npmmirror.com/markdown-it/-/markdown-it-14.1.0.tgz",
      "integrity": "sha512-a54IwgWPaeBCAAsv13YgmALOF1elABB08FxO9i+r4VFk5Vl4pKokRPeX8u5TCgSsPi6ec1otfLjdOpVcgbpshg==",
      "dependencies": {
        "argparse": "^2.0.1",
        "entities": "^4.4.0",
        "linkify-it": "^5.0.0",
        "mdurl": "^2.0.0",
        "punycode.js": "^2.3.1",
        "uc.micro": "^2.1.0"
      },
      "bin": {
        "markdown-it": "bin/markdown-it.mjs"
      }
    },
    "node_modules/mdurl": {
      "version": "2.0.0",
      "resolved": "https://registry.npmmirror.com/mdurl/-/mdurl-2.0.0.tgz",
      "integrity": "sha512-Lf+9+2r+Tdp5wXDXC4PcIBjTDtq4UKjCPMQhKIuzpJNW0b96kVqSwW0bT7FhRSfmAiFYgP+SCRvdrDozfh0U5w=="
    },
    "node_modules/orderedmap": {
      "version": "2.1.1",
      "resolved": "https://registry.npmmirror.com/orderedmap/-/orderedmap-2.1.1.tgz",
      "integrity": "sha512-TvAWxi0nDe1j/rtMcWcIj94+Ffe6n7zhow33h40SKxmsmozs6dz/e+EajymfoFcHd7sxNn8yHM8839uixMOV6g=="
    },
    "node_modules/prosemirror-changeset": {
      "version": "2.2.1",
      "resolved": "https://registry.npmmirror.com/prosemirror-changeset/-/prosemirror-changeset-2.2.1.tgz",
      "integrity": "sha512-J7msc6wbxB4ekDFj+n9gTW/jav/p53kdlivvuppHsrZXCaQdVgRghoZbSS3kwrRyAstRVQ4/+u5k7YfLgkkQvQ==",
      "dependencies": {
        "prosemirror-transform": "^1.0.0"
      }
    },
    "node_modules/prosemirror-collab": {
      "version": "1.3.1",
      "resolved": "https://registry.npmmirror.com/prosemirror-collab/-/prosemirror-collab-1.3.1.tgz",
      "integrity": "sha512-4SnynYR9TTYaQVXd/ieUvsVV4PDMBzrq2xPUWutHivDuOshZXqQ5rGbZM84HEaXKbLdItse7weMGOUdDVcLKEQ==",
      "dependencies": {
        "prosemirror-state": "^1.0.0"
      }
    },
    "node_modules/prosemirror-commands": {
      "version": "1.5.2",
      "resolved": "https://registry.npmmirror.com/prosemirror-commands/-/prosemirror-commands-1.5.2.tgz",
      "integrity": "sha512-hgLcPaakxH8tu6YvVAaILV2tXYsW3rAdDR8WNkeKGcgeMVQg3/TMhPdVoh7iAmfgVjZGtcOSjKiQaoeKjzd2mQ==",
      "dependencies": {
        "prosemirror-model": "^1.0.0",
        "prosemirror-state": "^1.0.0",
        "prosemirror-transform": "^1.0.0"
      }
    },
    "node_modules/prosemirror-dropcursor": {
      "version": "1.8.1",
      "resolved": "https://registry.npmmirror.com/prosemirror-dropcursor/-/prosemirror-dropcursor-1.8.1.tgz",
      "integrity": "sha512-M30WJdJZLyXHi3N8vxN6Zh5O8ZBbQCz0gURTfPmTIBNQ5pxrdU7A58QkNqfa98YEjSAL1HUyyU34f6Pm5xBSGw==",
      "dependencies": {
        "prosemirror-state": "^1.0.0",
        "prosemirror-transform": "^1.1.0",
        "prosemirror-view": "^1.1.0"
      }
    },
    "node_modules/prosemirror-gapcursor": {
      "version": "1.3.2",
      "resolved": "https://registry.npmmirror.com/prosemirror-gapcursor/-/prosemirror-gapcursor-1.3.2.tgz",
      "integrity": "sha512-wtjswVBd2vaQRrnYZaBCbyDqr232Ed4p2QPtRIUK5FuqHYKGWkEwl08oQM4Tw7DOR0FsasARV5uJFvMZWxdNxQ==",
      "dependencies": {
        "prosemirror-keymap": "^1.0.0",
        "prosemirror-model": "^1.0.0",
        "prosemirror-state": "^1.0.0",
        "prosemirror-view": "^1.0.0"
      }
    },
    "node_modules/prosemirror-history": {
      "version": "1.4.0",
      "resolved": "https://registry.npmmirror.com/prosemirror-history/-/prosemirror-history-1.4.0.tgz",
      "integrity": "sha512-UUiGzDVcqo1lovOPdi9YxxUps3oBFWAIYkXLu3Ot+JPv1qzVogRbcizxK3LhHmtaUxclohgiOVesRw5QSlMnbQ==",
      "dependencies": {
        "prosemirror-state": "^1.2.2",
        "prosemirror-transform": "^1.0.0",
        "prosemirror-view": "^1.31.0",
        "rope-sequence": "^1.3.0"
      }
    },
    "node_modules/prosemirror-inputrules": {
      "version": "1.4.0",
      "resolved": "https://registry.npmmirror.com/prosemirror-inputrules/-/prosemirror-inputrules-1.4.0.tgz",
      "integrity": "sha512-6ygpPRuTJ2lcOXs9JkefieMst63wVJBgHZGl5QOytN7oSZs3Co/BYbc3Yx9zm9H37Bxw8kVzCnDsihsVsL4yEg==",
      "dependencies": {
        "prosemirror-state": "^1.0.0",
        "prosemirror-transform": "^1.0.0"
      }
    },
    "node_modules/prosemirror-keymap": {
      "version": "1.2.2",
      "resolved": "https://registry.npmmirror.com/prosemirror-keymap/-/prosemirror-keymap-1.2.2.tgz",
      "integrity": "sha512-EAlXoksqC6Vbocqc0GtzCruZEzYgrn+iiGnNjsJsH4mrnIGex4qbLdWWNza3AW5W36ZRrlBID0eM6bdKH4OStQ==",
      "dependencies": {
        "prosemirror-state": "^1.0.0",
        "w3c-keyname": "^2.2.0"
      }
    },
    "node_modules/prosemirror-markdown": {
      "version": "1.12.0",
      "resolved": "https://registry.npmmirror.com/prosemirror-markdown/-/prosemirror-markdown-1.12.0.tgz",
      "integrity": "sha512-6F5HS8Z0HDYiS2VQDZzfZP6A0s/I0gbkJy8NCzzDMtcsz3qrfqyroMMeoSjAmOhDITyon11NbXSzztfKi+frSQ==",
      "dependencies": {
        "markdown-it": "^14.0.0",
        "prosemirror-model": "^1.0.0"
      }
    },
    "node_modules/prosemirror-menu": {
      "version": "1.2.4",
      "resolved": "https://registry.npmmirror.com/prosemirror-menu/-/prosemirror-menu-1.2.4.tgz",
      "integrity": "sha512-S/bXlc0ODQup6aiBbWVsX/eM+xJgCTAfMq/nLqaO5ID/am4wS0tTCIkzwytmao7ypEtjj39i7YbJjAgO20mIqA==",
      "dependencies": {
        "crelt": "^1.0.0",
        "prosemirror-commands": "^1.0.0",
        "prosemirror-history": "^1.0.0",
        "prosemirror-state": "^1.0.0"
      }
    },
    "node_modules/prosemirror-model": {
      "version": "1.20.0",
      "resolved": "https://registry.npmmirror.com/prosemirror-model/-/prosemirror-model-1.20.0.tgz",
      "integrity": "sha512-q7AY7vMjKYqDCeoedgUiAgrLabliXxndJuuFmcmc2+YU1SblvnOiG2WEACF2lwAZsMlfLpiAilA3L+TWlDqIsQ==",
      "dependencies": {
        "orderedmap": "^2.0.0"
      }
    },
    "node_modules/prosemirror-schema-basic": {
      "version": "1.2.2",
      "resolved": "https://registry.npmmirror.com/prosemirror-schema-basic/-/prosemirror-schema-basic-1.2.2.tgz",
      "integrity": "sha512-/dT4JFEGyO7QnNTe9UaKUhjDXbTNkiWTq/N4VpKaF79bBjSExVV2NXmJpcM7z/gD7mbqNjxbmWW5nf1iNSSGnw==",
      "dependencies": {
        "prosemirror-model": "^1.19.0"
      }
    },
    "node_modules/prosemirror-schema-list": {
      "version": "1.3.0",
      "resolved": "https://registry.npmmirror.com/prosemirror-schema-list/-/prosemirror-schema-list-1.3.0.tgz",
      "integrity": "sha512-Hz/7gM4skaaYfRPNgr421CU4GSwotmEwBVvJh5ltGiffUJwm7C8GfN/Bc6DR1EKEp5pDKhODmdXXyi9uIsZl5A==",
      "dependencies": {
        "prosemirror-model": "^1.0.0",
        "prosemirror-state": "^1.0.0",
        "prosemirror-transform": "^1.7.3"
      }
    },
    "node_modules/prosemirror-state": {
      "version": "1.4.3",
      "resolved": "https://registry.npmmirror.com/prosemirror-state/-/prosemirror-state-1.4.3.tgz",
      "integrity": "sha512-goFKORVbvPuAQaXhpbemJFRKJ2aixr+AZMGiquiqKxaucC6hlpHNZHWgz5R7dS4roHiwq9vDctE//CZ++o0W1Q==",
      "dependencies": {
        "prosemirror-model": "^1.0.0",
        "prosemirror-transform": "^1.0.0",
        "prosemirror-view": "^1.27.0"
      }
    },
    "node_modules/prosemirror-tables": {
      "version": "1.3.7",
      "resolved": "https://registry.npmmirror.com/prosemirror-tables/-/prosemirror-tables-1.3.7.tgz",
      "integrity": "sha512-oEwX1wrziuxMtwFvdDWSFHVUWrFJWt929kVVfHvtTi8yvw+5ppxjXZkMG/fuTdFo+3DXyIPSKfid+Be1npKXDA==",
      "dependencies": {
        "prosemirror-keymap": "^1.1.2",
        "prosemirror-model": "^1.8.1",
        "prosemirror-state": "^1.3.1",
        "prosemirror-transform": "^1.2.1",
        "prosemirror-view": "^1.13.3"
      }
    },
    "node_modules/prosemirror-trailing-node": {
      "version": "2.0.8",
      "resolved": "https://registry.npmmirror.com/prosemirror-trailing-node/-/prosemirror-trailing-node-2.0.8.tgz",
      "integrity": "sha512-ujRYhSuhQb1Jsarh1IHqb2KoSnRiD7wAMDGucP35DN7j5af6X7B18PfdPIrbwsPTqIAj0fyOvxbuPsWhNvylmA==",
      "dependencies": {
        "@remirror/core-constants": "^2.0.2",
        "escape-string-regexp": "^4.0.0"
      },
      "peerDependencies": {
        "prosemirror-model": "^1.19.0",
        "prosemirror-state": "^1.4.2",
        "prosemirror-view": "^1.31.2"
      }
    },
    "node_modules/prosemirror-transform": {
      "version": "1.8.0",
      "resolved": "https://registry.npmmirror.com/prosemirror-transform/-/prosemirror-transform-1.8.0.tgz",
      "integrity": "sha512-BaSBsIMv52F1BVVMvOmp1yzD3u65uC3HTzCBQV1WDPqJRQ2LuHKcyfn0jwqodo8sR9vVzMzZyI+Dal5W9E6a9A==",
      "dependencies": {
        "prosemirror-model": "^1.0.0"
      }
    },
    "node_modules/prosemirror-view": {
      "version": "1.33.5",
      "resolved": "https://registry.npmmirror.com/prosemirror-view/-/prosemirror-view-1.33.5.tgz",
      "integrity": "sha512-AbYYLgg2h5CLARLcTtbNrMARlMwV51jTrezcJkV0NS9J4vi28+rhJ45iIWVSjCcRY209BoySDuJ58b8wIFqdmQ==",
      "dependencies": {
        "prosemirror-model": "^1.20.0",
        "prosemirror-state": "^1.0.0",
        "prosemirror-transform": "^1.1.0"
      }
    },
    "node_modules/punycode.js": {
      "version": "2.3.1",
      "resolved": "https://registry.npmmirror.com/punycode.js/-/punycode.js-2.3.1.tgz",
      "integrity": "sha512-uxFIHU0YlHYhDQtV4R9J6a52SLx28BCjT+4ieh7IGbgwVJWO+km431c4yRlREUAsAmt/uMjQUyQHNEPf0M39CA==",
      "engines": {
        "node": ">=6"
      }
    },
    "node_modules/rope-sequence": {
      "version": "1.3.4",
      "resolved": "https://registry.npmmirror.com/rope-sequence/-/rope-sequence-1.3.4.tgz",
      "integrity": "sha512-UT5EDe2cu2E/6O4igUr5PSFs23nvvukicWHx6GnOPlHAiiYbzNuCRQCuiUdHJQcqKalLKlrYJnjY0ySGsXNQXQ=="
    },
    "node_modules/uc.micro": {
      "version": "2.1.0",
      "resolved": "https://registry.npmmirror.com/uc.micro/-/uc.micro-2.1.0.tgz",
      "integrity": "sha512-ARDJmphmdvUk6Glw7y9DQ2bFkKBHwQHLi2lsaH6PPmz/Ka9sFOBsBluozhDltWmnv9u/cF6Rt87znRTPV+yp/A=="
    },
    "node_modules/w3c-keyname": {
      "version": "2.2.8",
      "resolved": "https://registry.npmmirror.com/w3c-keyname/-/w3c-keyname-2.2.8.tgz",
      "integrity": "sha512-dpojBhNsCNN7T82Tm7k26A6G9ML3NkhDsnw9n/eoxSRlVBB4CEtIQ/KTCLI2Fwf3ataSXRhYFkQi3SlnFwPvPQ=="
    }
  },
  "dependencies": {
    "@remirror/core-constants": {
      "version": "2.0.2",
      "resolved": "https://registry.npmmirror.com/@remirror/core-constants/-/core-constants-2.0.2.tgz",
      "integrity": "sha512-dyHY+sMF0ihPus3O27ODd4+agdHMEmuRdyiZJ2CCWjPV5UFmn17ZbElvk6WOGVE4rdCJKZQCrPV2BcikOMLUGQ=="
    },
    "@tiptap/core": {
      "version": "2.3.0",
      "resolved": "https://registry.npmmirror.com/@tiptap/core/-/core-2.3.0.tgz",
      "integrity": "sha512-Gk2JN3i5CMkYGmsbyFI7cBUftWa+F7QYmeCLTWfbuy+hCM2OBsnYVKxhggFPGXRL5KLBEgBWeCeWMHfIw3B2MA==",
      "requires": {}
    },
    "@tiptap/extension-blockquote": {
      "version": "2.3.0",
      "resolved": "https://registry.npmmirror.com/@tiptap/extension-blockquote/-/extension-blockquote-2.3.0.tgz",
      "integrity": "sha512-Cztt77t7f+f0fuPy+FWUL8rKTIpcdsVT0z0zYQFFafvGaom0ZALQSOdTR/q+Kle9I4DaCMO3/Q0mwax/D4k4+A==",
      "requires": {}
    },
    "@tiptap/extension-bold": {
      "version": "2.3.0",
      "resolved": "https://registry.npmmirror.com/@tiptap/extension-bold/-/extension-bold-2.3.0.tgz",
      "integrity": "sha512-SzkbJibHXFNU7TRaAebTtwbXUEhGZ8+MhlBn12aQ4QhdjNtFpQwKXQPyYeDyZGcyiOFgtFTb+WIfCGm8ZX0Fpw==",
      "requires": {}
    },
    "@tiptap/extension-bullet-list": {
      "version": "2.3.0",
      "resolved": "https://registry.npmmirror.com/@tiptap/extension-bullet-list/-/extension-bullet-list-2.3.0.tgz",
      "integrity": "sha512-4nU4vJ5FjRDLqHm085vYAkuo68UK84Wl6CDSjm7sPVcu0FvQX02Okqt65azoSYQeS1SSSd5qq9YZuGWcYdp4Cw==",
      "requires": {}
    },
    "@tiptap/extension-code": {
      "version": "2.3.0",
      "resolved": "https://registry.npmmirror.com/@tiptap/extension-code/-/extension-code-2.3.0.tgz",
      "integrity": "sha512-O2FZmosiIRoVbW82fZy8xW4h4gb2xAzxWzHEcsHPlwCbE3vYvcBMmbkQ5p+33eRtuRQInzl3Q/cwupv9ctIepQ==",
      "requires": {}
    },
    "@tiptap/extension-code-block": {
      "version": "2.3.0",
      "resolved": "https://registry.npmmirror.com/@tiptap/extension-code-block/-/extension-code-block-2.3.0.tgz",
      "integrity": "sha512-+Ne6PRBwQt70Pp8aW2PewaEy4bHrNYn4N+y8MObsFtqLutXBz4nXnsXWiNYFQZwzlUY+CHG4XS73mx8oMOFfDw==",
      "requires": {}
    },
    "@tiptap/extension-document": {
      "version": "2.3.0",
      "resolved": "https://registry.npmmirror.com/@tiptap/extension-document/-/extension-document-2.3.0.tgz",
      "integrity": "sha512-WC55SMrtlsNOnHXpzbXDzJOp7eKmZV0rXooKmvCDqoiLO/DKpyQXyF+0UHfcRPmUAi2GWFPaer7+p1H9xzcjXg==",
      "requires": {}
    },
    "@tiptap/extension-dropcursor": {
      "version": "2.3.0",
      "resolved": "https://registry.npmmirror.com/@tiptap/extension-dropcursor/-/extension-dropcursor-2.3.0.tgz",
      "integrity": "sha512-WWxxGQPWdbzxyYP6jtBYSq4wMRhINhI0wBC8pgkxTVwCIWftMuYj++FP4LLIpuWgj78PWApuoM0QQxk4Lj7FOw==",
      "requires": {}
    },
    "@tiptap/extension-gapcursor": {
      "version": "2.3.0",
      "resolved": "https://registry.npmmirror.com/@tiptap/extension-gapcursor/-/extension-gapcursor-2.3.0.tgz",
      "integrity": "sha512-OxcXcfD0uzNcXdXu2ZpXFAtXIsgK2MBHvFUs0t0gxtcL/t43pTOQBLy+29Ei30BxpwLghtX8jQ6IDzMiybq/sA==",
      "requires": {}
    },
    "@tiptap/extension-hard-break": {
      "version": "2.3.0",
      "resolved": "https://registry.npmmirror.com/@tiptap/extension-hard-break/-/extension-hard-break-2.3.0.tgz",
      "integrity": "sha512-9pXi69SzLabbjY5KZ54UKzu7HAHTla9aYZKH56VatOAiJOPKJppFbU2/NfJwGzDrEtfOiDqr3dYbUDF3RuCFoQ==",
      "requires": {}
    },
    "@tiptap/extension-heading": {
      "version": "2.3.0",
      "resolved": "https://registry.npmmirror.com/@tiptap/extension-heading/-/extension-heading-2.3.0.tgz",
      "integrity": "sha512-YcZoUYfqb0nohoPgem4f8mjn5OqDomFrbJiC9VRHUOCIuEu+aJEYwp8mmdkLnS3f+LRCZ6G76cJJ50lkzSAZRw==",
      "requires": {}
    },
    "@tiptap/extension-history": {
      "version": "2.3.0",
      "resolved": "https://registry.npmmirror.com/@tiptap/extension-history/-/extension-history-2.3.0.tgz",
      "integrity": "sha512-EF5Oq9fe/VBzU1Lsow2ubOlx1e1r4OQT1WUPGsRnL7pr94GH1Skpk7/hs9COJ9K6kP3Ebt42XjP0JEQodR58YA==",
      "requires": {}
    },
    "@tiptap/extension-horizontal-rule": {
      "version": "2.3.0",
      "resolved": "https://registry.npmmirror.com/@tiptap/extension-horizontal-rule/-/extension-horizontal-rule-2.3.0.tgz",
      "integrity": "sha512-4DB8GU3uuDzzyqUmONIb3CHXcQ6Nuy4mHHkFSmUyEjg1i5eMQU5H7S6mNvZbltcJB2ImgCSwSMlj1kVN3MLIPg==",
      "requires": {}
    },
    "@tiptap/extension-italic": {
      "version": "2.3.0",
      "resolved": "https://registry.npmmirror.com/@tiptap/extension-italic/-/extension-italic-2.3.0.tgz",
      "integrity": "sha512-jdFjLjdt5JtPlGMpoS6TEq5rznjbAYVlPwcw5VkYENVIYIGIR1ylIw2JwK1nUEsQ+OgYwVxHLejcUXWG1dCi2g==",
      "requires": {}
    },
    "@tiptap/extension-list-item": {
      "version": "2.3.0",
      "resolved": "https://registry.npmmirror.com/@tiptap/extension-list-item/-/extension-list-item-2.3.0.tgz",
      "integrity": "sha512-mHU+IuRa56OT6YCtxf5Z7OSUrbWdKhGCEX7RTrteDVs5oMB6W3oF9j88M5qQmZ1WDcxvQhAOoXctnMt6eX9zcA==",
      "requires": {}
    },
    "@tiptap/extension-ordered-list": {
      "version": "2.3.0",
      "resolved": "https://registry.npmmirror.com/@tiptap/extension-ordered-list/-/extension-ordered-list-2.3.0.tgz",
      "integrity": "sha512-gkf0tltXjlUj0cqyfDV2r7xy9YPKtcVSWwlCPun6OOi0KzKFiAMqQpA9hy2W6gJ+KCp8+KNRMClZOfH4TnnBfg==",
      "requires": {}
    },
    "@tiptap/extension-paragraph": {
      "version": "2.3.0",
      "resolved": "https://registry.npmmirror.com/@tiptap/extension-paragraph/-/extension-paragraph-2.3.0.tgz",
      "integrity": "sha512-peCpA7DFqkd0cHb+cHv4YHNoMsXG8tKFNJlCHpLmsZWl2hWmpKgKmUrXAUfzjcFSvkZxn0xYc5oWbqUgg+2LzA==",
      "requires": {}
    },
    "@tiptap/extension-strike": {
      "version": "2.3.0",
      "resolved": "https://registry.npmmirror.com/@tiptap/extension-strike/-/extension-strike-2.3.0.tgz",
      "integrity": "sha512-gOW4ALeH8gkJiUGGXVy/AOd5lAPTX0bzoOW1+sCLcTA7t8dluBW7M2ngNYxTEtlKqyv7aLfrgsYSiqucmmfSLw==",
      "requires": {}
    },
    "@tiptap/extension-text": {
      "version": "2.3.0",
      "resolved": "https://registry.npmmirror.com/@tiptap/extension-text/-/extension-text-2.3.0.tgz",
      "integrity": "sha512-zkudl0TyKRy/8vHtyo5dMzjBRD0HEUnsS8YOsjR4xwQq5EYUXleRgM1s6lb6Yms2sLUAZRWdDddoQ686iq4zQg==",
      "requires": {}
    },
    "@tiptap/pm": {
      "version": "2.3.0",
      "resolved": "https://registry.npmmirror.com/@tiptap/pm/-/pm-2.3.0.tgz",
      "integrity": "sha512-4WYqShZBwDyReKvapC0nmeYdOtZbZ31y4MjolpKQaSD4I7kg/oZspC+byUGdvIRsNpRN7i2X0IyvdISKk8gw5Q==",
      "requires": {
        "prosemirror-changeset": "^2.2.1",
        "prosemirror-collab": "^1.3.1",
        "prosemirror-commands": "^1.5.2",
        "prosemirror-dropcursor": "^1.8.1",
        "prosemirror-gapcursor": "^1.3.2",
        "prosemirror-history": "^1.3.2",
        "prosemirror-inputrules": "^1.3.0",
        "prosemirror-keymap": "^1.2.2",
        "prosemirror-markdown": "^1.12.0",
        "prosemirror-menu": "^1.2.4",
        "prosemirror-model": "^1.19.4",
        "prosemirror-schema-basic": "^1.2.2",
        "prosemirror-schema-list": "^1.3.0",
        "prosemirror-state": "^1.4.3",
        "prosemirror-tables": "^1.3.5",
        "prosemirror-trailing-node": "^2.0.7",
        "prosemirror-transform": "^1.8.0",
        "prosemirror-view": "^1.32.7"
      }
    },
    "@tiptap/starter-kit": {
      "version": "2.3.0",
      "resolved": "https://registry.npmmirror.com/@tiptap/starter-kit/-/starter-kit-2.3.0.tgz",
      "integrity": "sha512-TjvCd/hzEnuEYOdr5uQqcfHOMuj7JRoZBPdheupwl3SbuYiCxtcqYyAE5qoGXWwuVe9xVGerOLVPkDUgmyrH6A==",
      "requires": {
        "@tiptap/core": "^2.3.0",
        "@tiptap/extension-blockquote": "^2.3.0",
        "@tiptap/extension-bold": "^2.3.0",
        "@tiptap/extension-bullet-list": "^2.3.0",
        "@tiptap/extension-code": "^2.3.0",
        "@tiptap/extension-code-block": "^2.3.0",
        "@tiptap/extension-document": "^2.3.0",
        "@tiptap/extension-dropcursor": "^2.3.0",
        "@tiptap/extension-gapcursor": "^2.3.0",
        "@tiptap/extension-hard-break": "^2.3.0",
        "@tiptap/extension-heading": "^2.3.0",
        "@tiptap/extension-history": "^2.3.0",
        "@tiptap/extension-horizontal-rule": "^2.3.0",
        "@tiptap/extension-italic": "^2.3.0",
        "@tiptap/extension-list-item": "^2.3.0",
        "@tiptap/extension-ordered-list": "^2.3.0",
        "@tiptap/extension-paragraph": "^2.3.0",
        "@tiptap/extension-strike": "^2.3.0",
        "@tiptap/extension-text": "^2.3.0"
      }
    },
    "argparse": {
      "version": "2.0.1",
      "resolved": "https://registry.npmmirror.com/argparse/-/argparse-2.0.1.tgz",
      "integrity": "sha512-8+9WqebbFzpX9OR+Wa6O29asIogeRMzcGtAINdpMHHyAg10f05aSFVBbcEqGf/PXw1EjAZ+q2/bEBg3DvurK3Q=="
    },
    "crelt": {
      "version": "1.0.6",
      "resolved": "https://registry.npmmirror.com/crelt/-/crelt-1.0.6.tgz",
      "integrity": "sha512-VQ2MBenTq1fWZUH9DJNGti7kKv6EeAuYr3cLwxUWhIu1baTaXh4Ib5W2CqHVqib4/MqbYGJqiL3Zb8GJZr3l4g=="
    },
    "entities": {
      "version": "4.5.0",
      "resolved": "https://registry.npmmirror.com/entities/-/entities-4.5.0.tgz",
      "integrity": "sha512-V0hjH4dGPh9Ao5p0MoRY6BVqtwCjhz6vI5LT8AJ55H+4g9/4vbHx1I54fS0XuclLhDHArPQCiMjDxjaL8fPxhw=="
    },
    "escape-string-regexp": {
      "version": "4.0.0",
      "resolved": "https://registry.npmmirror.com/escape-string-regexp/-/escape-string-regexp-4.0.0.tgz",
      "integrity": "sha512-TtpcNJ3XAzx3Gq8sWRzJaVajRs0uVxA2YAkdb1jm2YkPz4G6egUFAyA3n5vtEIZefPk5Wa4UXbKuS5fKkJWdgA=="
    },
    "linkify-it": {
      "version": "5.0.0",
      "resolved": "https://registry.npmmirror.com/linkify-it/-/linkify-it-5.0.0.tgz",
      "integrity": "sha512-5aHCbzQRADcdP+ATqnDuhhJ/MRIqDkZX5pyjFHRRysS8vZ5AbqGEoFIb6pYHPZ+L/OC2Lc+xT8uHVVR5CAK/wQ==",
      "requires": {
        "uc.micro": "^2.0.0"
      }
    },
    "markdown-it": {
      "version": "14.1.0",
      "resolved": "https://registry.npmmirror.com/markdown-it/-/markdown-it-14.1.0.tgz",
      "integrity": "sha512-a54IwgWPaeBCAAsv13YgmALOF1elABB08FxO9i+r4VFk5Vl4pKokRPeX8u5TCgSsPi6ec1otfLjdOpVcgbpshg==",
      "requires": {
        "argparse": "^2.0.1",
        "entities": "^4.4.0",
        "linkify-it": "^5.0.0",
        "mdurl": "^2.0.0",
        "punycode.js": "^2.3.1",
        "uc.micro": "^2.1.0"
      }
    },
    "mdurl": {
      "version": "2.0.0",
      "resolved": "https://registry.npmmirror.com/mdurl/-/mdurl-2.0.0.tgz",
      "integrity": "sha512-Lf+9+2r+Tdp5wXDXC4PcIBjTDtq4UKjCPMQhKIuzpJNW0b96kVqSwW0bT7FhRSfmAiFYgP+SCRvdrDozfh0U5w=="
    },
    "orderedmap": {
      "version": "2.1.1",
      "resolved": "https://registry.npmmirror.com/orderedmap/-/orderedmap-2.1.1.tgz",
      "integrity": "sha512-TvAWxi0nDe1j/rtMcWcIj94+Ffe6n7zhow33h40SKxmsmozs6dz/e+EajymfoFcHd7sxNn8yHM8839uixMOV6g=="
    },
    "prosemirror-changeset": {
      "version": "2.2.1",
      "resolved": "https://registry.npmmirror.com/prosemirror-changeset/-/prosemirror-changeset-2.2.1.tgz",
      "integrity": "sha512-J7msc6wbxB4ekDFj+n9gTW/jav/p53kdlivvuppHsrZXCaQdVgRghoZbSS3kwrRyAstRVQ4/+u5k7YfLgkkQvQ==",
      "requires": {
        "prosemirror-transform": "^1.0.0"
      }
    },
    "prosemirror-collab": {
      "version": "1.3.1",
      "resolved": "https://registry.npmmirror.com/prosemirror-collab/-/prosemirror-collab-1.3.1.tgz",
      "integrity": "sha512-4SnynYR9TTYaQVXd/ieUvsVV4PDMBzrq2xPUWutHivDuOshZXqQ5rGbZM84HEaXKbLdItse7weMGOUdDVcLKEQ==",
      "requires": {
        "prosemirror-state": "^1.0.0"
      }
    },
    "prosemirror-commands": {
      "version": "1.5.2",
      "resolved": "https://registry.npmmirror.com/prosemirror-commands/-/prosemirror-commands-1.5.2.tgz",
      "integrity": "sha512-hgLcPaakxH8tu6YvVAaILV2tXYsW3rAdDR8WNkeKGcgeMVQg3/TMhPdVoh7iAmfgVjZGtcOSjKiQaoeKjzd2mQ==",
      "requires": {
        "prosemirror-model": "^1.0.0",
        "prosemirror-state": "^1.0.0",
        "prosemirror-transform": "^1.0.0"
      }
    },
    "prosemirror-dropcursor": {
      "version": "1.8.1",
      "resolved": "https://registry.npmmirror.com/prosemirror-dropcursor/-/prosemirror-dropcursor-1.8.1.tgz",
      "integrity": "sha512-M30WJdJZLyXHi3N8vxN6Zh5O8ZBbQCz0gURTfPmTIBNQ5pxrdU7A58QkNqfa98YEjSAL1HUyyU34f6Pm5xBSGw==",
      "requires": {
        "prosemirror-state": "^1.0.0",
        "prosemirror-transform": "^1.1.0",
        "prosemirror-view": "^1.1.0"
      }
    },
    "prosemirror-gapcursor": {
      "version": "1.3.2",
      "resolved": "https://registry.npmmirror.com/prosemirror-gapcursor/-/prosemirror-gapcursor-1.3.2.tgz",
      "integrity": "sha512-wtjswVBd2vaQRrnYZaBCbyDqr232Ed4p2QPtRIUK5FuqHYKGWkEwl08oQM4Tw7DOR0FsasARV5uJFvMZWxdNxQ==",
      "requires": {
        "prosemirror-keymap": "^1.0.0",
        "prosemirror-model": "^1.0.0",
        "prosemirror-state": "^1.0.0",
        "prosemirror-view": "^1.0.0"
      }
    },
    "prosemirror-history": {
      "version": "1.4.0",
      "resolved": "https://registry.npmmirror.com/prosemirror-history/-/prosemirror-history-1.4.0.tgz",
      "integrity": "sha512-UUiGzDVcqo1lovOPdi9YxxUps3oBFWAIYkXLu3Ot+JPv1qzVogRbcizxK3LhHmtaUxclohgiOVesRw5QSlMnbQ==",
      "requires": {
        "prosemirror-state": "^1.2.2",
        "prosemirror-transform": "^1.0.0",
        "prosemirror-view": "^1.31.0",
        "rope-sequence": "^1.3.0"
      }
    },
    "prosemirror-inputrules": {
      "version": "1.4.0",
      "resolved": "https://registry.npmmirror.com/prosemirror-inputrules/-/prosemirror-inputrules-1.4.0.tgz",
      "integrity": "sha512-6ygpPRuTJ2lcOXs9JkefieMst63wVJBgHZGl5QOytN7oSZs3Co/BYbc3Yx9zm9H37Bxw8kVzCnDsihsVsL4yEg==",
      "requires": {
        "prosemirror-state": "^1.0.0",
        "prosemirror-transform": "^1.0.0"
      }
    },
    "prosemirror-keymap": {
      "version": "1.2.2",
      "resolved": "https://registry.npmmirror.com/prosemirror-keymap/-/prosemirror-keymap-1.2.2.tgz",
      "integrity": "sha512-EAlXoksqC6Vbocqc0GtzCruZEzYgrn+iiGnNjsJsH4mrnIGex4qbLdWWNza3AW5W36ZRrlBID0eM6bdKH4OStQ==",
      "requires": {
        "prosemirror-state": "^1.0.0",
        "w3c-keyname": "^2.2.0"
      }
    },
    "prosemirror-markdown": {
      "version": "1.12.0",
      "resolved": "https://registry.npmmirror.com/prosemirror-markdown/-/prosemirror-markdown-1.12.0.tgz",
      "integrity": "sha512-6F5HS8Z0HDYiS2VQDZzfZP6A0s/I0gbkJy8NCzzDMtcsz3qrfqyroMMeoSjAmOhDITyon11NbXSzztfKi+frSQ==",
      "requires": {
        "markdown-it": "^14.0.0",
        "prosemirror-model": "^1.0.0"
      }
    },
    "prosemirror-menu": {
      "version": "1.2.4",
      "resolved": "https://registry.npmmirror.com/prosemirror-menu/-/prosemirror-menu-1.2.4.tgz",
      "integrity": "sha512-S/bXlc0ODQup6aiBbWVsX/eM+xJgCTAfMq/nLqaO5ID/am4wS0tTCIkzwytmao7ypEtjj39i7YbJjAgO20mIqA==",
      "requires": {
        "crelt": "^1.0.0",
        "prosemirror-commands": "^1.0.0",
        "prosemirror-history": "^1.0.0",
        "prosemirror-state": "^1.0.0"
      }
    },
    "prosemirror-model": {
      "version": "1.20.0",
      "resolved": "https://registry.npmmirror.com/prosemirror-model/-/prosemirror-model-1.20.0.tgz",
      "integrity": "sha512-q7AY7vMjKYqDCeoedgUiAgrLabliXxndJuuFmcmc2+YU1SblvnOiG2WEACF2lwAZsMlfLpiAilA3L+TWlDqIsQ==",
      "requires": {
        "orderedmap": "^2.0.0"
      }
    },
    "prosemirror-schema-basic": {
      "version": "1.2.2",
      "resolved": "https://registry.npmmirror.com/prosemirror-schema-basic/-/prosemirror-schema-basic-1.2.2.tgz",
      "integrity": "sha512-/dT4JFEGyO7QnNTe9UaKUhjDXbTNkiWTq/N4VpKaF79bBjSExVV2NXmJpcM7z/gD7mbqNjxbmWW5nf1iNSSGnw==",
      "requires": {
        "prosemirror-model": "^1.19.0"
      }
    },
    "prosemirror-schema-list": {
      "version": "1.3.0",
      "resolved": "https://registry.npmmirror.com/prosemirror-schema-list/-/prosemirror-schema-list-1.3.0.tgz",
      "integrity": "sha512-Hz/7gM4skaaYfRPNgr421CU4GSwotmEwBVvJh5ltGiffUJwm7C8GfN/Bc6DR1EKEp5pDKhODmdXXyi9uIsZl5A==",
      "requires": {
        "prosemirror-model": "^1.0.0",
        "prosemirror-state": "^1.0.0",
        "prosemirror-transform": "^1.7.3"
      }
    },
    "prosemirror-state": {
      "version": "1.4.3",
      "resolved": "https://registry.npmmirror.com/prosemirror-state/-/prosemirror-state-1.4.3.tgz",
      "integrity": "sha512-goFKORVbvPuAQaXhpbemJFRKJ2aixr+AZMGiquiqKxaucC6hlpHNZHWgz5R7dS4roHiwq9vDctE//CZ++o0W1Q==",
      "requires": {
        "prosemirror-model": "^1.0.0",
        "prosemirror-transform": "^1.0.0",
        "prosemirror-view": "^1.27.0"
      }
    },
    "prosemirror-tables": {
      "version": "1.3.7",
      "resolved": "https://registry.npmmirror.com/prosemirror-tables/-/prosemirror-tables-1.3.7.tgz",
      "integrity": "sha512-oEwX1wrziuxMtwFvdDWSFHVUWrFJWt929kVVfHvtTi8yvw+5ppxjXZkMG/fuTdFo+3DXyIPSKfid+Be1npKXDA==",
      "requires": {
        "prosemirror-keymap": "^1.1.2",
        "prosemirror-model": "^1.8.1",
        "prosemirror-state": "^1.3.1",
        "prosemirror-transform": "^1.2.1",
        "prosemirror-view": "^1.13.3"
      }
    },
    "prosemirror-trailing-node": {
      "version": "2.0.8",
      "resolved": "https://registry.npmmirror.com/prosemirror-trailing-node/-/prosemirror-trailing-node-2.0.8.tgz",
      "integrity": "sha512-ujRYhSuhQb1Jsarh1IHqb2KoSnRiD7wAMDGucP35DN7j5af6X7B18PfdPIrbwsPTqIAj0fyOvxbuPsWhNvylmA==",
      "requires": {
        "@remirror/core-constants": "^2.0.2",
        "escape-string-regexp": "^4.0.0"
      }
    },
    "prosemirror-transform": {
      "version": "1.8.0",
      "resolved": "https://registry.npmmirror.com/prosemirror-transform/-/prosemirror-transform-1.8.0.tgz",
      "integrity": "sha512-BaSBsIMv52F1BVVMvOmp1yzD3u65uC3HTzCBQV1WDPqJRQ2LuHKcyfn0jwqodo8sR9vVzMzZyI+Dal5W9E6a9A==",
      "requires": {
        "prosemirror-model": "^1.0.0"
      }
    },
    "prosemirror-view": {
      "version": "1.33.5",
      "resolved": "https://registry.npmmirror.com/prosemirror-view/-/prosemirror-view-1.33.5.tgz",
      "integrity": "sha512-AbYYLgg2h5CLARLcTtbNrMARlMwV51jTrezcJkV0NS9J4vi28+rhJ45iIWVSjCcRY209BoySDuJ58b8wIFqdmQ==",
      "requires": {
        "prosemirror-model": "^1.20.0",
        "prosemirror-state": "^1.0.0",
        "prosemirror-transform": "^1.1.0"
      }
    },
    "punycode.js": {
      "version": "2.3.1",
      "resolved": "https://registry.npmmirror.com/punycode.js/-/punycode.js-2.3.1.tgz",
      "integrity": "sha512-uxFIHU0YlHYhDQtV4R9J6a52SLx28BCjT+4ieh7IGbgwVJWO+km431c4yRlREUAsAmt/uMjQUyQHNEPf0M39CA=="
    },
    "rope-sequence": {
      "version": "1.3.4",
      "resolved": "https://registry.npmmirror.com/rope-sequence/-/rope-sequence-1.3.4.tgz",
      "integrity": "sha512-UT5EDe2cu2E/6O4igUr5PSFs23nvvukicWHx6GnOPlHAiiYbzNuCRQCuiUdHJQcqKalLKlrYJnjY0ySGsXNQXQ=="
    },
    "uc.micro": {
      "version": "2.1.0",
      "resolved": "https://registry.npmmirror.com/uc.micro/-/uc.micro-2.1.0.tgz",
      "integrity": "sha512-ARDJmphmdvUk6Glw7y9DQ2bFkKBHwQHLi2lsaH6PPmz/Ka9sFOBsBluozhDltWmnv9u/cF6Rt87znRTPV+yp/A=="
    },
    "w3c-keyname": {
      "version": "2.2.8",
      "resolved": "https://registry.npmmirror.com/w3c-keyname/-/w3c-keyname-2.2.8.tgz",
      "integrity": "sha512-dpojBhNsCNN7T82Tm7k26A6G9ML3NkhDsnw9n/eoxSRlVBB4CEtIQ/KTCLI2Fwf3ataSXRhYFkQi3SlnFwPvPQ=="
    }
  }
}
